// !$*UTF8*$!
{
	archiveVersion = 1;
	classes = {
	};
	objectVersion = 46;
	objects = {

/* Begin PBXAggregateTarget section */
		56B87A60791C45B29DA342F0 /* ZERO_CHECK */ = {
			isa = PBXAggregateTarget;
			buildConfigurationList = 718CFB2ADE4D44B9A150997C /* Build configuration list for PBXAggregateTarget "ZERO_CHECK" */;
			buildPhases = (
				DC637384354246A8AC95D7E0 /* CMake Rules */,
			);
			dependencies = (
			);
			name = ZERO_CHECK;
			productName = ZERO_CHECK;
		};
		DF875A2DC0CC4AAA9C95A3F8 /* ALL_BUILD */ = {
			isa = PBXAggregateTarget;
			buildConfigurationList = 1CC1993AC2EE47B69F9F31AB /* Build configuration list for PBXAggregateTarget "ALL_BUILD" */;
			buildPhases = (
				01013703AB7846208766CC8F /* CMake Rules */,
			);
			dependencies = (
				107A09682DD741DCAE2C60E5 /* PBXTargetDependency */,
				A0959E0A6D94474B8BD2170E /* PBXTargetDependency */,
			);
			name = ALL_BUILD;
			productName = ALL_BUILD;
		};
/* End PBXAggregateTarget section */

/* Begin PBXBuildFile section */
		157122000FD945508832E7D0 /* main.cpp in Sources */ = {isa = PBXBuildFile; fileRef = A81DCCCBC2504AE9977518F5 /* main.cpp */; };
		57B6F3072135E94F0078DDAD /* tools.cpp in Sources */ = {isa = PBXBuildFile; fileRef = D68D1DD1CC2C47FA91047DA1 /* tools.cpp */; };
		CA05FCD2EC6D44A58DDD92F1 /* kalman_filter.cpp in Sources */ = {isa = PBXBuildFile; fileRef = 9B6B8CA878D240DE9CA9FB69 /* kalman_filter.cpp */; };
		DBFC1820A1B5437B9194FF60 /* FusionEKF.cpp in Sources */ = {isa = PBXBuildFile; fileRef = 425F7C74574B4106B04A3558 /* FusionEKF.cpp */; };
/* End PBXBuildFile section */

/* Begin PBXContainerItemProxy section */
		876FCBAC6F404E7BB5E4A6D0 /* PBXContainerItemProxy */ = {
			isa = PBXContainerItemProxy;
			containerPortal = 7263C86370104E68B1E13376 /* Project object */;
			proxyType = 1;
			remoteGlobalIDString = 56B87A60791C45B29DA342F0;
			remoteInfo = ZERO_CHECK;
		};
		C1C6DF14AFEA40D5A2A76DA9 /* PBXContainerItemProxy */ = {
			isa = PBXContainerItemProxy;
			containerPortal = 7263C86370104E68B1E13376 /* Project object */;
			proxyType = 1;
			remoteGlobalIDString = 56B87A60791C45B29DA342F0;
			remoteInfo = ZERO_CHECK;
		};
		ED657BF54769469289F8C60E /* PBXContainerItemProxy */ = {
			isa = PBXContainerItemProxy;
			containerPortal = 7263C86370104E68B1E13376 /* Project object */;
			proxyType = 1;
			remoteGlobalIDString = C0BA5B523EFB4467AE0B5B4C;
			remoteInfo = ExtendedKF;
		};
/* End PBXContainerItemProxy section */

/* Begin PBXFileReference section */
		0D772608E1FB4AD490C0CDC6 /* ExtendedKF */ = {isa = PBXFileReference; explicitFileType = "compiled.mach-o.executable"; path = ExtendedKF; sourceTree = BUILT_PRODUCTS_DIR; };
		425F7C74574B4106B04A3558 /* FusionEKF.cpp */ = {isa = PBXFileReference; explicitFileType = sourcecode.cpp.cpp; fileEncoding = 4; name = FusionEKF.cpp; path = src/FusionEKF.cpp; sourceTree = SOURCE_ROOT; };
		6EF0F477085045DEABE586F2 /* FusionEKF.h */ = {isa = PBXFileReference; explicitFileType = sourcecode.c.h; fileEncoding = 4; name = FusionEKF.h; path = src/FusionEKF.h; sourceTree = SOURCE_ROOT; };
		9B6B8CA878D240DE9CA9FB69 /* kalman_filter.cpp */ = {isa = PBXFileReference; explicitFileType = sourcecode.cpp.cpp; fileEncoding = 4; name = kalman_filter.cpp; path = src/kalman_filter.cpp; sourceTree = SOURCE_ROOT; };
		A81DCCCBC2504AE9977518F5 /* main.cpp */ = {isa = PBXFileReference; explicitFileType = sourcecode.cpp.cpp; fileEncoding = 4; name = main.cpp; path = src/main.cpp; sourceTree = SOURCE_ROOT; };
		B0EE68B34361441A8C8897E5 /* CMakeLists.txt */ = {isa = PBXFileReference; explicitFileType = sourcecode.text; fileEncoding = 4; lastKnownFileType = text; path = CMakeLists.txt; sourceTree = SOURCE_ROOT; };
		D68D1DD1CC2C47FA91047DA1 /* tools.cpp */ = {isa = PBXFileReference; explicitFileType = sourcecode.cpp.cpp; fileEncoding = 4; name = tools.cpp; path = src/tools.cpp; sourceTree = SOURCE_ROOT; };
		E74EF5727A304CE2938F0D58 /* tools.h */ = {isa = PBXFileReference; explicitFileType = sourcecode.c.h; fileEncoding = 4; name = tools.h; path = src/tools.h; sourceTree = SOURCE_ROOT; };
		EB6B2652A4BE464880502955 /* CMakeLists.txt */ = {isa = PBXFileReference; explicitFileType = sourcecode.text; fileEncoding = 4; lastKnownFileType = text; path = CMakeLists.txt; sourceTree = SOURCE_ROOT; };
		FC957CF13C714D19B952E021 /* kalman_filter.h */ = {isa = PBXFileReference; explicitFileType = sourcecode.c.h; fileEncoding = 4; name = kalman_filter.h; path = src/kalman_filter.h; sourceTree = SOURCE_ROOT; };
/* End PBXFileReference section */

/* Begin PBXGroup section */
		00FF634046354BD4905B2FD9 /* CMake Rules */ = {
			isa = PBXGroup;
			children = (
			);
			name = "CMake Rules";
			sourceTree = "<group>";
		};
		157DC402C77940EDB7EF1C53 /* ExtendedKF */ = {
			isa = PBXGroup;
			children = (
				8FB9683853CF41DEA8F24DBE /* Source Files */,
				AA1C38097E3C4881A0632612 /* Header Files */,
				EB6B2652A4BE464880502955 /* CMakeLists.txt */,
			);
			name = ExtendedKF;
			sourceTree = "<group>";
		};
		5FF760F78DFC42A189F7AD7F = {
			isa = PBXGroup;
			children = (
				157DC402C77940EDB7EF1C53 /* ExtendedKF */,
				BF91D669D5EC4FBEA57A908E /* ALL_BUILD */,
				AE6DC9E874344BFA92649980 /* Products */,
			);
			sourceTree = "<group>";
		};
		8FB9683853CF41DEA8F24DBE /* Source Files */ = {
			isa = PBXGroup;
			children = (
				425F7C74574B4106B04A3558 /* FusionEKF.cpp */,
				9B6B8CA878D240DE9CA9FB69 /* kalman_filter.cpp */,
				A81DCCCBC2504AE9977518F5 /* main.cpp */,
				D68D1DD1CC2C47FA91047DA1 /* tools.cpp */,
			);
			name = "Source Files";
			sourceTree = "<group>";
		};
		AA1C38097E3C4881A0632612 /* Header Files */ = {
			isa = PBXGroup;
			children = (
				6EF0F477085045DEABE586F2 /* FusionEKF.h */,
				FC957CF13C714D19B952E021 /* kalman_filter.h */,
				E74EF5727A304CE2938F0D58 /* tools.h */,
			);
			name = "Header Files";
			sourceTree = "<group>";
		};
		AE6DC9E874344BFA92649980 /* Products */ = {
			isa = PBXGroup;
			children = (
				0D772608E1FB4AD490C0CDC6 /* ExtendedKF */,
			);
			name = Products;
			sourceTree = "<group>";
		};
		BF91D669D5EC4FBEA57A908E /* ALL_BUILD */ = {
			isa = PBXGroup;
			children = (
				00FF634046354BD4905B2FD9 /* CMake Rules */,
				B0EE68B34361441A8C8897E5 /* CMakeLists.txt */,
			);
			name = ALL_BUILD;
			sourceTree = "<group>";
		};
/* End PBXGroup section */

/* Begin PBXNativeTarget section */
		C0BA5B523EFB4467AE0B5B4C /* ExtendedKF */ = {
			isa = PBXNativeTarget;
			buildConfigurationList = B2A934906F2743EF93F4AFDC /* Build configuration list for PBXNativeTarget "ExtendedKF" */;
			buildPhases = (
				2E6C1078E03C4E4DAC2DE2C6 /* Sources */,
			);
			buildRules = (
			);
			dependencies = (
				E35C69097F244857B7D99CC4 /* PBXTargetDependency */,
			);
			name = ExtendedKF;
			productName = ExtendedKF;
			productReference = 0D772608E1FB4AD490C0CDC6 /* ExtendedKF */;
			productType = "com.apple.product-type.tool";
		};
/* End PBXNativeTarget section */

/* Begin PBXProject section */
		7263C86370104E68B1E13376 /* Project object */ = {
			isa = PBXProject;
			attributes = {
				BuildIndependentTargetsInParallel = YES;
				LastUpgradeCheck = 0940;
			};
			buildConfigurationList = E08E30CB502F43DCAD35C3A2 /* Build configuration list for PBXProject "ExtendedKF" */;
			compatibilityVersion = "Xcode 3.2";
			developmentRegion = en;
			hasScannedForEncodings = 0;
			knownRegions = (
				en,
			);
			mainGroup = 5FF760F78DFC42A189F7AD7F;
			projectDirPath = ../../;
			projectRoot = "";
			targets = (
				DF875A2DC0CC4AAA9C95A3F8 /* ALL_BUILD */,
				C0BA5B523EFB4467AE0B5B4C /* ExtendedKF */,
				56B87A60791C45B29DA342F0 /* ZERO_CHECK */,
			);
		};
/* End PBXProject section */

/* Begin PBXShellScriptBuildPhase section */
		01013703AB7846208766CC8F /* CMake Rules */ = {
			isa = PBXShellScriptBuildPhase;
			buildActionMask = 2147483647;
			files = (
			);
			name = "CMake Rules";
			runOnlyForDeploymentPostprocessing = 0;
			shellPath = /bin/sh;
			shellScript = "make -C /Users/nikhilkharwandikar/Self\\ Driving\\ Car\\ Codebase/term2/CarND-Extended-Kalman-Filter-Project-master\\ 2/ide_profiles/xcode -f /Users/nikhilkharwandikar/Self\\ Driving\\ Car\\ Codebase/term2/CarND-Extended-Kalman-Filter-Project-master\\ 2/ide_profiles/xcode/CMakeScripts/ALL_BUILD_cmakeRulesBuildPhase.make$CONFIGURATION all";
			showEnvVarsInLog = 0;
		};
		DC637384354246A8AC95D7E0 /* CMake Rules */ = {
			isa = PBXShellScriptBuildPhase;
			buildActionMask = 2147483647;
			files = (
			);
			name = "CMake Rules";
			runOnlyForDeploymentPostprocessing = 0;
			shellPath = /bin/sh;
			shellScript = "make -C /Users/nikhilkharwandikar/Self\\ Driving\\ Car\\ Codebase/term2/CarND-Extended-Kalman-Filter-Project-master\\ 2/ide_profiles/xcode -f /Users/nikhilkharwandikar/Self\\ Driving\\ Car\\ Codebase/term2/CarND-Extended-Kalman-Filter-Project-master\\ 2/ide_profiles/xcode/CMakeScripts/ZERO_CHECK_cmakeRulesBuildPhase.make$CONFIGURATION all";
			showEnvVarsInLog = 0;
		};
/* End PBXShellScriptBuildPhase section */

/* Begin PBXSourcesBuildPhase section */
		2E6C1078E03C4E4DAC2DE2C6 /* Sources */ = {
			isa = PBXSourcesBuildPhase;
			buildActionMask = 2147483647;
			files = (
				DBFC1820A1B5437B9194FF60 /* FusionEKF.cpp in Sources */,
				CA05FCD2EC6D44A58DDD92F1 /* kalman_filter.cpp in Sources */,
				157122000FD945508832E7D0 /* main.cpp in Sources */,
				57B6F3072135E94F0078DDAD /* tools.cpp in Sources */,
			);
			runOnlyForDeploymentPostprocessing = 0;
		};
/* End PBXSourcesBuildPhase section */

/* Begin PBXTargetDependency section */
		107A09682DD741DCAE2C60E5 /* PBXTargetDependency */ = {
			isa = PBXTargetDependency;
			target = 56B87A60791C45B29DA342F0 /* ZERO_CHECK */;
			targetProxy = C1C6DF14AFEA40D5A2A76DA9 /* PBXContainerItemProxy */;
		};
		A0959E0A6D94474B8BD2170E /* PBXTargetDependency */ = {
			isa = PBXTargetDependency;
			target = C0BA5B523EFB4467AE0B5B4C /* ExtendedKF */;
			targetProxy = ED657BF54769469289F8C60E /* PBXContainerItemProxy */;
		};
		E35C69097F244857B7D99CC4 /* PBXTargetDependency */ = {
			isa = PBXTargetDependency;
			target = 56B87A60791C45B29DA342F0 /* ZERO_CHECK */;
			targetProxy = 876FCBAC6F404E7BB5E4A6D0 /* PBXContainerItemProxy */;
		};
/* End PBXTargetDependency section */

/* Begin XCBuildConfiguration section */
		1C18BC4EAB5448FEA7921780 /* MinSizeRel */ = {
			isa = XCBuildConfiguration;
			buildSettings = {
				COMBINE_HIDPI_IMAGES = YES;
				GCC_GENERATE_DEBUGGING_SYMBOLS = YES;
				GCC_INLINES_ARE_PRIVATE_EXTERN = NO;
				GCC_OPTIMIZATION_LEVEL = 0;
				GCC_PREPROCESSOR_DEFINITIONS = "'CMAKE_INTDIR=\"$(CONFIGURATION)$(EFFECTIVE_PLATFORM_NAME)\"'";
				GCC_SYMBOLS_PRIVATE_EXTERN = NO;
				INSTALL_PATH = "";
				OTHER_LDFLAGS = " ";
				OTHER_REZFLAGS = "";
				PRODUCT_NAME = ALL_BUILD;
				SECTORDER_FLAGS = "";
				SYMROOT = "/Users/nikhilkharwandikar/Self Driving Car Codebase/term2/CarND-Extended-Kalman-Filter-Project-master 2/ide_profiles/xcode";
				USE_HEADERMAP = NO;
				WARNING_CFLAGS = (
					"-Wmost",
					"-Wno-four-char-constants",
					"-Wno-unknown-pragmas",
					"$(inherited)",
				);
			};
			name = MinSizeRel;
		};
		2A464162891F4712A883C349 /* Release */ = {
			isa = XCBuildConfiguration;
			buildSettings = {
				COMBINE_HIDPI_IMAGES = YES;
				EXECUTABLE_PREFIX = "";
				EXECUTABLE_SUFFIX = "";
				GCC_GENERATE_DEBUGGING_SYMBOLS = NO;
				GCC_INLINES_ARE_PRIVATE_EXTERN = NO;
				GCC_OPTIMIZATION_LEVEL = 0;
				GCC_PREPROCESSOR_DEFINITIONS = "'CMAKE_INTDIR=\"$(CONFIGURATION)$(EFFECTIVE_PLATFORM_NAME)\"'";
				GCC_SYMBOLS_PRIVATE_EXTERN = NO;
				HEADER_SEARCH_PATHS = (
					/usr/local/include,
					/usr/local/opt/openssl/include,
				);
				INSTALL_PATH = "";
				LD_RUNPATH_SEARCH_PATHS = "/usr/local/lib /usr/local/opt/openssl/lib /usr/local/Cellar/libuv/1*/lib";
				LIBRARY_SEARCH_PATHS = (
					"/usr/local/lib/$(CONFIGURATION)$(EFFECTIVE_PLATFORM_NAME)",
					/usr/local/lib,
					"/usr/local/opt/openssl/lib/$(CONFIGURATION)$(EFFECTIVE_PLATFORM_NAME)",
					/usr/local/opt/openssl/lib,
					"/usr/local/Cellar/libuv/1*/lib/$(CONFIGURATION)$(EFFECTIVE_PLATFORM_NAME)",
					"/usr/local/Cellar/libuv/1*/lib",
				);
				OTHER_CPLUSPLUSFLAGS = (
					"-Wall",
					"-std=c++11",
				);
				OTHER_LDFLAGS = (
					"-Wl,-search_paths_first",
					"-Wl,-headerpad_max_install_names",
					"-lz",
					"-lssl",
					"-luv",
					"-luWS",
				);
				OTHER_REZFLAGS = "";
				PRODUCT_NAME = ExtendedKF;
				SECTORDER_FLAGS = "";
				SYMROOT = "/Users/nikhilkharwandikar/Self Driving Car Codebase/term2/CarND-Extended-Kalman-Filter-Project-master 2/ide_profiles/xcode";
				USE_HEADERMAP = NO;
				WARNING_CFLAGS = (
					"-Wmost",
					"-Wno-four-char-constants",
					"-Wno-unknown-pragmas",
					"$(inherited)",
				);
			};
			name = Release;
		};
		339DE30EF94C4F609A8D06FC /* MinSizeRel */ = {
			isa = XCBuildConfiguration;
			buildSettings = {
				COMBINE_HIDPI_IMAGES = YES;
				GCC_GENERATE_DEBUGGING_SYMBOLS = YES;
				GCC_INLINES_ARE_PRIVATE_EXTERN = NO;
				GCC_OPTIMIZATION_LEVEL = 0;
				GCC_PREPROCESSOR_DEFINITIONS = "'CMAKE_INTDIR=\"$(CONFIGURATION)$(EFFECTIVE_PLATFORM_NAME)\"'";
				GCC_SYMBOLS_PRIVATE_EXTERN = NO;
				INSTALL_PATH = "";
				OTHER_LDFLAGS = " ";
				OTHER_REZFLAGS = "";
				PRODUCT_NAME = ZERO_CHECK;
				SECTORDER_FLAGS = "";
				SYMROOT = "/Users/nikhilkharwandikar/Self Driving Car Codebase/term2/CarND-Extended-Kalman-Filter-Project-master 2/ide_profiles/xcode";
				USE_HEADERMAP = NO;
				WARNING_CFLAGS = (
					"-Wmost",
					"-Wno-four-char-constants",
					"-Wno-unknown-pragmas",
					"$(inherited)",
				);
			};
			name = MinSizeRel;
		};
		38BFE9B9BD85409782EA59F5 /* RelWithDebInfo */ = {
			isa = XCBuildConfiguration;
			buildSettings = {
				COMBINE_HIDPI_IMAGES = YES;
				GCC_GENERATE_DEBUGGING_SYMBOLS = YES;
				GCC_INLINES_ARE_PRIVATE_EXTERN = NO;
				GCC_OPTIMIZATION_LEVEL = 0;
				GCC_PREPROCESSOR_DEFINITIONS = "'CMAKE_INTDIR=\"$(CONFIGURATION)$(EFFECTIVE_PLATFORM_NAME)\"'";
				GCC_SYMBOLS_PRIVATE_EXTERN = NO;
				INSTALL_PATH = "";
				OTHER_LDFLAGS = " ";
				OTHER_REZFLAGS = "";
				PRODUCT_NAME = ALL_BUILD;
				SECTORDER_FLAGS = "";
				SYMROOT = "/Users/nikhilkharwandikar/Self Driving Car Codebase/term2/CarND-Extended-Kalman-Filter-Project-master 2/ide_profiles/xcode";
				USE_HEADERMAP = NO;
				WARNING_CFLAGS = (
					"-Wmost",
					"-Wno-four-char-constants",
					"-Wno-unknown-pragmas",
					"$(inherited)",
				);
			};
			name = RelWithDebInfo;
		};
		4BD74B6997D14AEEAE8D7A55 /* RelWithDebInfo */ = {
			isa = XCBuildConfiguration;
			buildSettings = {
				COMBINE_HIDPI_IMAGES = YES;
				EXECUTABLE_PREFIX = "";
				EXECUTABLE_SUFFIX = "";
				GCC_GENERATE_DEBUGGING_SYMBOLS = NO;
				GCC_INLINES_ARE_PRIVATE_EXTERN = NO;
				GCC_OPTIMIZATION_LEVEL = 0;
				GCC_PREPROCESSOR_DEFINITIONS = "'CMAKE_INTDIR=\"$(CONFIGURATION)$(EFFECTIVE_PLATFORM_NAME)\"'";
				GCC_SYMBOLS_PRIVATE_EXTERN = NO;
				HEADER_SEARCH_PATHS = (
					/usr/local/include,
					/usr/local/opt/openssl/include,
				);
				INSTALL_PATH = "";
				LD_RUNPATH_SEARCH_PATHS = "/usr/local/lib /usr/local/opt/openssl/lib /usr/local/Cellar/libuv/1*/lib";
				LIBRARY_SEARCH_PATHS = (
					"/usr/local/lib/$(CONFIGURATION)$(EFFECTIVE_PLATFORM_NAME)",
					/usr/local/lib,
					"/usr/local/opt/openssl/lib/$(CONFIGURATION)$(EFFECTIVE_PLATFORM_NAME)",
					/usr/local/opt/openssl/lib,
					"/usr/local/Cellar/libuv/1*/lib/$(CONFIGURATION)$(EFFECTIVE_PLATFORM_NAME)",
					"/usr/local/Cellar/libuv/1*/lib",
				);
				OTHER_CPLUSPLUSFLAGS = (
					"-Wall",
					"-std=c++11",
				);
				OTHER_LDFLAGS = (
					"-Wl,-search_paths_first",
					"-Wl,-headerpad_max_install_names",
					"-lz",
					"-lssl",
					"-luv",
					"-luWS",
				);
				OTHER_REZFLAGS = "";
				PRODUCT_NAME = ExtendedKF;
				SECTORDER_FLAGS = "";
				SYMROOT = "/Users/nikhilkharwandikar/Self Driving Car Codebase/term2/CarND-Extended-Kalman-Filter-Project-master 2/ide_profiles/xcode";
				USE_HEADERMAP = NO;
				WARNING_CFLAGS = (
					"-Wmost",
					"-Wno-four-char-constants",
					"-Wno-unknown-pragmas",
					"$(inherited)",
				);
			};
			name = RelWithDebInfo;
		};
		4CE8831914F442DF98D145F6 /* MinSizeRel */ = {
			isa = XCBuildConfiguration;
			buildSettings = {
				COMBINE_HIDPI_IMAGES = YES;
				EXECUTABLE_PREFIX = "";
				EXECUTABLE_SUFFIX = "";
				GCC_GENERATE_DEBUGGING_SYMBOLS = NO;
				GCC_INLINES_ARE_PRIVATE_EXTERN = NO;
				GCC_OPTIMIZATION_LEVEL = 0;
				GCC_PREPROCESSOR_DEFINITIONS = "'CMAKE_INTDIR=\"$(CONFIGURATION)$(EFFECTIVE_PLATFORM_NAME)\"'";
				GCC_SYMBOLS_PRIVATE_EXTERN = NO;
				HEADER_SEARCH_PATHS = (
					/usr/local/include,
					/usr/local/opt/openssl/include,
				);
				INSTALL_PATH = "";
				LD_RUNPATH_SEARCH_PATHS = "/usr/local/lib /usr/local/opt/openssl/lib /usr/local/Cellar/libuv/1*/lib";
				LIBRARY_SEARCH_PATHS = (
					"/usr/local/lib/$(CONFIGURATION)$(EFFECTIVE_PLATFORM_NAME)",
					/usr/local/lib,
					"/usr/local/opt/openssl/lib/$(CONFIGURATION)$(EFFECTIVE_PLATFORM_NAME)",
					/usr/local/opt/openssl/lib,
					"/usr/local/Cellar/libuv/1*/lib/$(CONFIGURATION)$(EFFECTIVE_PLATFORM_NAME)",
					"/usr/local/Cellar/libuv/1*/lib",
				);
				OTHER_CPLUSPLUSFLAGS = (
					"-Wall",
					"-std=c++11",
				);
				OTHER_LDFLAGS = (
					"-Wl,-search_paths_first",
					"-Wl,-headerpad_max_install_names",
					"-lz",
					"-lssl",
					"-luv",
					"-luWS",
				);
				OTHER_REZFLAGS = "";
				PRODUCT_NAME = ExtendedKF;
				SECTORDER_FLAGS = "";
				SYMROOT = "/Users/nikhilkharwandikar/Self Driving Car Codebase/term2/CarND-Extended-Kalman-Filter-Project-master 2/ide_profiles/xcode";
				USE_HEADERMAP = NO;
				WARNING_CFLAGS = (
					"-Wmost",
					"-Wno-four-char-constants",
					"-Wno-unknown-pragmas",
					"$(inherited)",
				);
			};
			name = MinSizeRel;
		};
		5A8C61E0EE0F4C968F38E989 /* RelWithDebInfo */ = {
			isa = XCBuildConfiguration;
			buildSettings = {
				ONLY_ACTIVE_ARCH = YES;
				SDKROOT = /Library/Developer/CommandLineTools/SDKs/MacOSX10.13.sdk;
				SYMROOT = "/Users/nikhilkharwandikar/Self Driving Car Codebase/term2/CarND-Extended-Kalman-Filter-Project-master 2/ide_profiles/xcode/build";
			};
			name = RelWithDebInfo;
		};
		A24CCB96F0C5462F973B1310 /* Release */ = {
			isa = XCBuildConfiguration;
			buildSettings = {
				ONLY_ACTIVE_ARCH = YES;
				SDKROOT = /Library/Developer/CommandLineTools/SDKs/MacOSX10.13.sdk;
				SYMROOT = "/Users/nikhilkharwandikar/Self Driving Car Codebase/term2/CarND-Extended-Kalman-Filter-Project-master 2/ide_profiles/xcode/build";
			};
			name = Release;
		};
		B0CD3B419C524195A7D46B76 /* Debug */ = {
			isa = XCBuildConfiguration;
			buildSettings = {
				COMBINE_HIDPI_IMAGES = YES;
				EXECUTABLE_PREFIX = "";
				EXECUTABLE_SUFFIX = "";
				GCC_GENERATE_DEBUGGING_SYMBOLS = NO;
				GCC_INLINES_ARE_PRIVATE_EXTERN = NO;
				GCC_OPTIMIZATION_LEVEL = 0;
				GCC_PREPROCESSOR_DEFINITIONS = "'CMAKE_INTDIR=\"$(CONFIGURATION)$(EFFECTIVE_PLATFORM_NAME)\"'";
				GCC_SYMBOLS_PRIVATE_EXTERN = NO;
				HEADER_SEARCH_PATHS = (
					/usr/local/include,
					/usr/local/opt/openssl/include,
				);
				INSTALL_PATH = "";
				LD_RUNPATH_SEARCH_PATHS = "/usr/local/lib /usr/local/opt/openssl/lib /usr/local/Cellar/libuv/1*/lib";
				LIBRARY_SEARCH_PATHS = (
					"/usr/local/lib/$(CONFIGURATION)$(EFFECTIVE_PLATFORM_NAME)",
					/usr/local/lib,
					"/usr/local/opt/openssl/lib/$(CONFIGURATION)$(EFFECTIVE_PLATFORM_NAME)",
					/usr/local/opt/openssl/lib,
					"/usr/local/Cellar/libuv/1*/lib/$(CONFIGURATION)$(EFFECTIVE_PLATFORM_NAME)",
					"/usr/local/Cellar/libuv/1*/lib",
				);
				OTHER_CPLUSPLUSFLAGS = (
					"-Wall",
					"-std=c++11",
				);
				OTHER_LDFLAGS = (
					"-Wl,-search_paths_first",
					"-Wl,-headerpad_max_install_names",
					"-lz",
					"-lssl",
					"-luv",
					"-luWS",
				);
				OTHER_REZFLAGS = "";
				PRODUCT_NAME = ExtendedKF;
				SECTORDER_FLAGS = "";
				SYMROOT = "/Users/nikhilkharwandikar/Self Driving Car Codebase/term2/CarND-Extended-Kalman-Filter-Project-master 2/ide_profiles/xcode";
				USE_HEADERMAP = NO;
				WARNING_CFLAGS = (
					"-Wmost",
					"-Wno-four-char-constants",
					"-Wno-unknown-pragmas",
					"$(inherited)",
				);
			};
			name = Debug;
		};
		B6D21917AEFA4552A29FE629 /* MinSizeRel */ = {
			isa = XCBuildConfiguration;
			buildSettings = {
				ONLY_ACTIVE_ARCH = YES;
				SDKROOT = /Library/Developer/CommandLineTools/SDKs/MacOSX10.13.sdk;
				SYMROOT = "/Users/nikhilkharwandikar/Self Driving Car Codebase/term2/CarND-Extended-Kalman-Filter-Project-master 2/ide_profiles/xcode/build";
			};
			name = MinSizeRel;
		};
		C57588D4AA4E4EB3BE407841 /* Debug */ = {
			isa = XCBuildConfiguration;
			buildSettings = {
				COMBINE_HIDPI_IMAGES = YES;
				GCC_GENERATE_DEBUGGING_SYMBOLS = YES;
				GCC_INLINES_ARE_PRIVATE_EXTERN = NO;
				GCC_OPTIMIZATION_LEVEL = 0;
				GCC_PREPROCESSOR_DEFINITIONS = "'CMAKE_INTDIR=\"$(CONFIGURATION)$(EFFECTIVE_PLATFORM_NAME)\"'";
				GCC_SYMBOLS_PRIVATE_EXTERN = NO;
				INSTALL_PATH = "";
				OTHER_LDFLAGS = " ";
				OTHER_REZFLAGS = "";
				PRODUCT_NAME = ALL_BUILD;
				SECTORDER_FLAGS = "";
				SYMROOT = "/Users/nikhilkharwandikar/Self Driving Car Codebase/term2/CarND-Extended-Kalman-Filter-Project-master 2/ide_profiles/xcode";
				USE_HEADERMAP = NO;
				WARNING_CFLAGS = (
					"-Wmost",
					"-Wno-four-char-constants",
					"-Wno-unknown-pragmas",
					"$(inherited)",
				);
			};
			name = Debug;
		};
		C9790D3B179C418C8B9DFE66 /* Debug */ = {
			isa = XCBuildConfiguration;
			buildSettings = {
				COMBINE_HIDPI_IMAGES = YES;
				GCC_GENERATE_DEBUGGING_SYMBOLS = YES;
				GCC_INLINES_ARE_PRIVATE_EXTERN = NO;
				GCC_OPTIMIZATION_LEVEL = 0;
				GCC_PREPROCESSOR_DEFINITIONS = "'CMAKE_INTDIR=\"$(CONFIGURATION)$(EFFECTIVE_PLATFORM_NAME)\"'";
				GCC_SYMBOLS_PRIVATE_EXTERN = NO;
				INSTALL_PATH = "";
				OTHER_LDFLAGS = " ";
				OTHER_REZFLAGS = "";
				PRODUCT_NAME = ZERO_CHECK;
				SECTORDER_FLAGS = "";
				SYMROOT = "/Users/nikhilkharwandikar/Self Driving Car Codebase/term2/CarND-Extended-Kalman-Filter-Project-master 2/ide_profiles/xcode";
				USE_HEADERMAP = NO;
				WARNING_CFLAGS = (
					"-Wmost",
					"-Wno-four-char-constants",
					"-Wno-unknown-pragmas",
					"$(inherited)",
				);
			};
			name = Debug;
		};
		D614911664D1458495588914 /* RelWithDebInfo */ = {
			isa = XCBuildConfiguration;
			buildSettings = {
				COMBINE_HIDPI_IMAGES = YES;
				GCC_GENERATE_DEBUGGING_SYMBOLS = YES;
				GCC_INLINES_ARE_PRIVATE_EXTERN = NO;
				GCC_OPTIMIZATION_LEVEL = 0;
				GCC_PREPROCESSOR_DEFINITIONS = "'CMAKE_INTDIR=\"$(CONFIGURATION)$(EFFECTIVE_PLATFORM_NAME)\"'";
				GCC_SYMBOLS_PRIVATE_EXTERN = NO;
				INSTALL_PATH = "";
				OTHER_LDFLAGS = " ";
				OTHER_REZFLAGS = "";
				PRODUCT_NAME = ZERO_CHECK;
				SECTORDER_FLAGS = "";
				SYMROOT = "/Users/nikhilkharwandikar/Self Driving Car Codebase/term2/CarND-Extended-Kalman-Filter-Project-master 2/ide_profiles/xcode";
				USE_HEADERMAP = NO;
				WARNING_CFLAGS = (
					"-Wmost",
					"-Wno-four-char-constants",
					"-Wno-unknown-pragmas",
					"$(inherited)",
				);
			};
			name = RelWithDebInfo;
		};
		E6F80B47D28A4108B2771D6C /* Release */ = {
			isa = XCBuildConfiguration;
			buildSettings = {
				COMBINE_HIDPI_IMAGES = YES;
				GCC_GENERATE_DEBUGGING_SYMBOLS = YES;
				GCC_INLINES_ARE_PRIVATE_EXTERN = NO;
				GCC_OPTIMIZATION_LEVEL = 0;
				GCC_PREPROCESSOR_DEFINITIONS = "'CMAKE_INTDIR=\"$(CONFIGURATION)$(EFFECTIVE_PLATFORM_NAME)\"'";
				GCC_SYMBOLS_PRIVATE_EXTERN = NO;
				INSTALL_PATH = "";
				OTHER_LDFLAGS = " ";
				OTHER_REZFLAGS = "";
				PRODUCT_NAME = ZERO_CHECK;
				SECTORDER_FLAGS = "";
				SYMROOT = "/Users/nikhilkharwandikar/Self Driving Car Codebase/term2/CarND-Extended-Kalman-Filter-Project-master 2/ide_profiles/xcode";
				USE_HEADERMAP = NO;
				WARNING_CFLAGS = (
					"-Wmost",
					"-Wno-four-char-constants",
					"-Wno-unknown-pragmas",
					"$(inherited)",
				);
			};
			name = Release;
		};
		FAAA2AD2818D4C1DA6C2C834 /* Debug */ = {
			isa = XCBuildConfiguration;
			buildSettings = {
				ONLY_ACTIVE_ARCH = YES;
				SDKROOT = /Library/Developer/CommandLineTools/SDKs/MacOSX10.13.sdk;
				SYMROOT = "/Users/nikhilkharwandikar/Self Driving Car Codebase/term2/CarND-Extended-Kalman-Filter-Project-master 2/ide_profiles/xcode/build";
			};
			name = Debug;
		};
		FD70FCAB338E43CDB736C3DB /* Release */ = {
			isa = XCBuildConfiguration;
			buildSettings = {
				COMBINE_HIDPI_IMAGES = YES;
				GCC_GENERATE_DEBUGGING_SYMBOLS = YES;
				GCC_INLINES_ARE_PRIVATE_EXTERN = NO;
				GCC_OPTIMIZATION_LEVEL = 0;
				GCC_PREPROCESSOR_DEFINITIONS = "'CMAKE_INTDIR=\"$(CONFIGURATION)$(EFFECTIVE_PLATFORM_NAME)\"'";
				GCC_SYMBOLS_PRIVATE_EXTERN = NO;
				INSTALL_PATH = "";
				OTHER_LDFLAGS = " ";
				OTHER_REZFLAGS = "";
				PRODUCT_NAME = ALL_BUILD;
				SECTORDER_FLAGS = "";
				SYMROOT = "/Users/nikhilkharwandikar/Self Driving Car Codebase/term2/CarND-Extended-Kalman-Filter-Project-master 2/ide_profiles/xcode";
				USE_HEADERMAP = NO;
				WARNING_CFLAGS = (
					"-Wmost",
					"-Wno-four-char-constants",
					"-Wno-unknown-pragmas",
					"$(inherited)",
				);
			};
			name = Release;
		};
/* End XCBuildConfiguration section */

/* Begin XCConfigurationList section */
		1CC1993AC2EE47B69F9F31AB /* Build configuration list for PBXAggregateTarget "ALL_BUILD" */ = {
			isa = XCConfigurationList;
			buildConfigurations = (
				C57588D4AA4E4EB3BE407841 /* Debug */,
				FD70FCAB338E43CDB736C3DB /* Release */,
				1C18BC4EAB5448FEA7921780 /* MinSizeRel */,
				38BFE9B9BD85409782EA59F5 /* RelWithDebInfo */,
			);
			defaultConfigurationIsVisible = 0;
			defaultConfigurationName = Debug;
		};
		718CFB2ADE4D44B9A150997C /* Build configuration list for PBXAggregateTarget "ZERO_CHECK" */ = {
			isa = XCConfigurationList;
			buildConfigurations = (
				C9790D3B179C418C8B9DFE66 /* Debug */,
				E6F80B47D28A4108B2771D6C /* Release */,
				339DE30EF94C4F609A8D06FC /* MinSizeRel */,
				D614911664D1458495588914 /* RelWithDebInfo */,
			);
			defaultConfigurationIsVisible = 0;
			defaultConfigurationName = Debug;
		};
		B2A934906F2743EF93F4AFDC /* Build configuration list for PBXNativeTarget "ExtendedKF" */ = {
			isa = XCConfigurationList;
			buildConfigurations = (
				B0CD3B419C524195A7D46B76 /* Debug */,
				2A464162891F4712A883C349 /* Release */,
				4CE8831914F442DF98D145F6 /* MinSizeRel */,
				4BD74B6997D14AEEAE8D7A55 /* RelWithDebInfo */,
			);
			defaultConfigurationIsVisible = 0;
			defaultConfigurationName = Debug;
		};
		E08E30CB502F43DCAD35C3A2 /* Build configuration list for PBXProject "ExtendedKF" */ = {
			isa = XCConfigurationList;
			buildConfigurations = (
				FAAA2AD2818D4C1DA6C2C834 /* Debug */,
				A24CCB96F0C5462F973B1310 /* Release */,
				B6D21917AEFA4552A29FE629 /* MinSizeRel */,
				5A8C61E0EE0F4C968F38E989 /* RelWithDebInfo */,
			);
			defaultConfigurationIsVisible = 0;
			defaultConfigurationName = Debug;
		};
/* End XCConfigurationList section */
	};
	rootObject = 7263C86370104E68B1E13376 /* Project object */;
}
